
Microsoft Visual Studio Solution File, Format Version 12.00
# Visual Studio Version 16
VisualStudioVersion = 16.0.30611.23
MinimumVisualStudioVersion = 10.0.40219.1
Project("{FAE04EC0-301F-11D3-BF4B-00C04F79EFBC}") = "Day8-DictionariesAndMaps", "Day8-DictionariesAndMaps\Day8-DictionariesAndMaps.csproj", "{C58B7B3F-EE40-4666-B92E-E12085958036}"
EndProject
Global
	GlobalSection(SolutionConfigurationPlatforms) = preSolution
		Debug|Any CPU = Debug|Any CPU
		Release|Any CPU = Release|Any CPU
	EndGlobalSection
	GlobalSection(ProjectConfigurationPlatforms) = postSolution
		{C58B7B3F-EE40-4666-B92E-E12085958036}.Debug|Any CPU.ActiveCfg = Debug|Any CPU
		{C58B7B3F-EE40-4666-B92E-E12085958036}.Debug|Any CPU.Build.0 = Debug|Any CPU
		{C58B7B3F-EE40-4666-B92E-E12085958036}.Release|Any CPU.ActiveCfg = Release|Any CPU
		{C58B7B3F-EE40-4666-B92E-E12085958036}.Release|Any CPU.Build.0 = Release|Any CPU
	EndGlobalSection
	GlobalSection(SolutionProperties) = preSolution
		HideSolutionNode = FALSE
	EndGlobalSection
	GlobalSection(ExtensibilityGlobals) = postSolution
		SolutionGuid = {E24145B7-540F-4D03-A854-57994BEFA064}
	EndGlobalSection
EndGlobal
