
Microsoft Visual Studio Solution File, Format Version 12.00
# Visual Studio Version 16
VisualStudioVersion = 16.0.30523.141
MinimumVisualStudioVersion = 10.0.40219.1
Project("{FAE04EC0-301F-11D3-BF4B-00C04F79EFBC}") = "VeryBigSum", "VeryBigSum\VeryBigSum.csproj", "{B5723BB6-B5F9-4786-83C4-EC104194EC2F}"
EndProject
Global
	GlobalSection(SolutionConfigurationPlatforms) = preSolution
		Debug|Any CPU = Debug|Any CPU
		Release|Any CPU = Release|Any CPU
	EndGlobalSection
	GlobalSection(ProjectConfigurationPlatforms) = postSolution
		{B5723BB6-B5F9-4786-83C4-EC104194EC2F}.Debug|Any CPU.ActiveCfg = Debug|Any CPU
		{B5723BB6-B5F9-4786-83C4-EC104194EC2F}.Debug|Any CPU.Build.0 = Debug|Any CPU
		{B5723BB6-B5F9-4786-83C4-EC104194EC2F}.Release|Any CPU.ActiveCfg = Release|Any CPU
		{B5723BB6-B5F9-4786-83C4-EC104194EC2F}.Release|Any CPU.Build.0 = Release|Any CPU
	EndGlobalSection
	GlobalSection(SolutionProperties) = preSolution
		HideSolutionNode = FALSE
	EndGlobalSection
	GlobalSection(ExtensibilityGlobals) = postSolution
		SolutionGuid = {16CCF9CC-3F74-43F7-9852-7C02CB9B4066}
	EndGlobalSection
EndGlobal
