
Microsoft Visual Studio Solution File, Format Version 12.00
# Visual Studio Version 16
VisualStudioVersion = 16.0.30611.23
MinimumVisualStudioVersion = 10.0.40219.1
Project("{FAE04EC0-301F-11D3-BF4B-00C04F79EFBC}") = "Day13-AbstractClasses", "Day13-AbstractClasses\Day13-AbstractClasses.csproj", "{AAFA3445-0C60-4F57-AF2B-1A9F4864ED74}"
EndProject
Global
	GlobalSection(SolutionConfigurationPlatforms) = preSolution
		Debug|Any CPU = Debug|Any CPU
		Release|Any CPU = Release|Any CPU
	EndGlobalSection
	GlobalSection(ProjectConfigurationPlatforms) = postSolution
		{AAFA3445-0C60-4F57-AF2B-1A9F4864ED74}.Debug|Any CPU.ActiveCfg = Debug|Any CPU
		{AAFA3445-0C60-4F57-AF2B-1A9F4864ED74}.Debug|Any CPU.Build.0 = Debug|Any CPU
		{AAFA3445-0C60-4F57-AF2B-1A9F4864ED74}.Release|Any CPU.ActiveCfg = Release|Any CPU
		{AAFA3445-0C60-4F57-AF2B-1A9F4864ED74}.Release|Any CPU.Build.0 = Release|Any CPU
	EndGlobalSection
	GlobalSection(SolutionProperties) = preSolution
		HideSolutionNode = FALSE
	EndGlobalSection
	GlobalSection(ExtensibilityGlobals) = postSolution
		SolutionGuid = {DBA8B0F1-19FD-4AB6-9E29-DDD695A38857}
	EndGlobalSection
EndGlobal
