
Microsoft Visual Studio Solution File, Format Version 12.00
# Visual Studio Version 16
VisualStudioVersion = 16.0.30611.23
MinimumVisualStudioVersion = 10.0.40219.1
Project("{FAE04EC0-301F-11D3-BF4B-00C04F79EFBC}") = "Day5-Loops", "Day5-Loops\Day5-Loops.csproj", "{E2884520-FAD1-4908-8F75-1FC7ADE18784}"
EndProject
Global
	GlobalSection(SolutionConfigurationPlatforms) = preSolution
		Debug|Any CPU = Debug|Any CPU
		Release|Any CPU = Release|Any CPU
	EndGlobalSection
	GlobalSection(ProjectConfigurationPlatforms) = postSolution
		{E2884520-FAD1-4908-8F75-1FC7ADE18784}.Debug|Any CPU.ActiveCfg = Debug|Any CPU
		{E2884520-FAD1-4908-8F75-1FC7ADE18784}.Debug|Any CPU.Build.0 = Debug|Any CPU
		{E2884520-FAD1-4908-8F75-1FC7ADE18784}.Release|Any CPU.ActiveCfg = Release|Any CPU
		{E2884520-FAD1-4908-8F75-1FC7ADE18784}.Release|Any CPU.Build.0 = Release|Any CPU
	EndGlobalSection
	GlobalSection(SolutionProperties) = preSolution
		HideSolutionNode = FALSE
	EndGlobalSection
	GlobalSection(ExtensibilityGlobals) = postSolution
		SolutionGuid = {51700822-679C-48A9-A6B0-D892137A0BBF}
	EndGlobalSection
EndGlobal
