
Microsoft Visual Studio Solution File, Format Version 12.00
# Visual Studio Version 16
VisualStudioVersion = 16.0.30611.23
MinimumVisualStudioVersion = 10.0.40219.1
Project("{FAE04EC0-301F-11D3-BF4B-00C04F79EFBC}") = "Day16-Exceptions-StringToInteger", "Day16-Exceptions-StringToInteger\Day16-Exceptions-StringToInteger.csproj", "{2C6D8A64-40FF-42D1-812D-F6C95B443B15}"
EndProject
Global
	GlobalSection(SolutionConfigurationPlatforms) = preSolution
		Debug|Any CPU = Debug|Any CPU
		Release|Any CPU = Release|Any CPU
	EndGlobalSection
	GlobalSection(ProjectConfigurationPlatforms) = postSolution
		{2C6D8A64-40FF-42D1-812D-F6C95B443B15}.Debug|Any CPU.ActiveCfg = Debug|Any CPU
		{2C6D8A64-40FF-42D1-812D-F6C95B443B15}.Debug|Any CPU.Build.0 = Debug|Any CPU
		{2C6D8A64-40FF-42D1-812D-F6C95B443B15}.Release|Any CPU.ActiveCfg = Release|Any CPU
		{2C6D8A64-40FF-42D1-812D-F6C95B443B15}.Release|Any CPU.Build.0 = Release|Any CPU
	EndGlobalSection
	GlobalSection(SolutionProperties) = preSolution
		HideSolutionNode = FALSE
	EndGlobalSection
	GlobalSection(ExtensibilityGlobals) = postSolution
		SolutionGuid = {3B135962-5650-4DA6-9522-EB5ABE7F622A}
	EndGlobalSection
EndGlobal
