
Microsoft Visual Studio Solution File, Format Version 12.00
# Visual Studio Version 16
VisualStudioVersion = 16.0.30611.23
MinimumVisualStudioVersion = 10.0.40219.1
Project("{FAE04EC0-301F-11D3-BF4B-00C04F79EFBC}") = "Day2-Operators", "Day2-Operators\Day2-Operators.csproj", "{899AF0D1-3AD2-40BB-9913-3C755A264143}"
EndProject
Global
	GlobalSection(SolutionConfigurationPlatforms) = preSolution
		Debug|Any CPU = Debug|Any CPU
		Release|Any CPU = Release|Any CPU
	EndGlobalSection
	GlobalSection(ProjectConfigurationPlatforms) = postSolution
		{899AF0D1-3AD2-40BB-9913-3C755A264143}.Debug|Any CPU.ActiveCfg = Debug|Any CPU
		{899AF0D1-3AD2-40BB-9913-3C755A264143}.Debug|Any CPU.Build.0 = Debug|Any CPU
		{899AF0D1-3AD2-40BB-9913-3C755A264143}.Release|Any CPU.ActiveCfg = Release|Any CPU
		{899AF0D1-3AD2-40BB-9913-3C755A264143}.Release|Any CPU.Build.0 = Release|Any CPU
	EndGlobalSection
	GlobalSection(SolutionProperties) = preSolution
		HideSolutionNode = FALSE
	EndGlobalSection
	GlobalSection(ExtensibilityGlobals) = postSolution
		SolutionGuid = {853E0136-03C3-4B06-A4BF-03EC9E612371}
	EndGlobalSection
EndGlobal
