
Microsoft Visual Studio Solution File, Format Version 12.00
# Visual Studio Version 16
VisualStudioVersion = 16.0.30114.105
MinimumVisualStudioVersion = 10.0.40219.1
Project("{FAE04EC0-301F-11D3-BF4B-00C04F79EFBC}") = "FibonacciNumber", "FibonacciNumber\FibonacciNumber.csproj", "{025F4C4B-5B04-4B10-A749-FA6408773D40}"
EndProject
Global
	GlobalSection(SolutionConfigurationPlatforms) = preSolution
		Debug|Any CPU = Debug|Any CPU
		Release|Any CPU = Release|Any CPU
	EndGlobalSection
	GlobalSection(SolutionProperties) = preSolution
		HideSolutionNode = FALSE
	EndGlobalSection
	GlobalSection(ProjectConfigurationPlatforms) = postSolution
		{025F4C4B-5B04-4B10-A749-FA6408773D40}.Debug|Any CPU.ActiveCfg = Debug|Any CPU
		{025F4C4B-5B04-4B10-A749-FA6408773D40}.Debug|Any CPU.Build.0 = Debug|Any CPU
		{025F4C4B-5B04-4B10-A749-FA6408773D40}.Release|Any CPU.ActiveCfg = Release|Any CPU
		{025F4C4B-5B04-4B10-A749-FA6408773D40}.Release|Any CPU.Build.0 = Release|Any CPU
	EndGlobalSection
EndGlobal
