
Microsoft Visual Studio Solution File, Format Version 12.00
# Visual Studio Version 16
VisualStudioVersion = 16.0.30611.23
MinimumVisualStudioVersion = 10.0.40219.1
Project("{FAE04EC0-301F-11D3-BF4B-00C04F79EFBC}") = "Day17-More-Exceptions", "Day17-More-Exceptions\Day17-More-Exceptions.csproj", "{C5C561AA-D0A9-4A82-BE61-4853F4BD0E36}"
EndProject
Global
	GlobalSection(SolutionConfigurationPlatforms) = preSolution
		Debug|Any CPU = Debug|Any CPU
		Release|Any CPU = Release|Any CPU
	EndGlobalSection
	GlobalSection(ProjectConfigurationPlatforms) = postSolution
		{C5C561AA-D0A9-4A82-BE61-4853F4BD0E36}.Debug|Any CPU.ActiveCfg = Debug|Any CPU
		{C5C561AA-D0A9-4A82-BE61-4853F4BD0E36}.Debug|Any CPU.Build.0 = Debug|Any CPU
		{C5C561AA-D0A9-4A82-BE61-4853F4BD0E36}.Release|Any CPU.ActiveCfg = Release|Any CPU
		{C5C561AA-D0A9-4A82-BE61-4853F4BD0E36}.Release|Any CPU.Build.0 = Release|Any CPU
	EndGlobalSection
	GlobalSection(SolutionProperties) = preSolution
		HideSolutionNode = FALSE
	EndGlobalSection
	GlobalSection(ExtensibilityGlobals) = postSolution
		SolutionGuid = {5E165338-D573-4F49-B04D-0ACBA7AFBE83}
	EndGlobalSection
EndGlobal
