
Microsoft Visual Studio Solution File, Format Version 12.00
# Visual Studio Version 16
VisualStudioVersion = 16.0.30611.23
MinimumVisualStudioVersion = 10.0.40219.1
Project("{FAE04EC0-301F-11D3-BF4B-00C04F79EFBC}") = "Migratory-Birds", "Migratory-Birds\Migratory-Birds.csproj", "{457DC65D-69C3-4EF9-9A45-9EAF5EB1EC00}"
EndProject
Global
	GlobalSection(SolutionConfigurationPlatforms) = preSolution
		Debug|Any CPU = Debug|Any CPU
		Release|Any CPU = Release|Any CPU
	EndGlobalSection
	GlobalSection(ProjectConfigurationPlatforms) = postSolution
		{457DC65D-69C3-4EF9-9A45-9EAF5EB1EC00}.Debug|Any CPU.ActiveCfg = Debug|Any CPU
		{457DC65D-69C3-4EF9-9A45-9EAF5EB1EC00}.Debug|Any CPU.Build.0 = Debug|Any CPU
		{457DC65D-69C3-4EF9-9A45-9EAF5EB1EC00}.Release|Any CPU.ActiveCfg = Release|Any CPU
		{457DC65D-69C3-4EF9-9A45-9EAF5EB1EC00}.Release|Any CPU.Build.0 = Release|Any CPU
	EndGlobalSection
	GlobalSection(SolutionProperties) = preSolution
		HideSolutionNode = FALSE
	EndGlobalSection
	GlobalSection(ExtensibilityGlobals) = postSolution
		SolutionGuid = {A57CA9AE-B30A-432A-B37E-4BCA06464563}
	EndGlobalSection
EndGlobal
