
Microsoft Visual Studio Solution File, Format Version 12.00
# Visual Studio Version 16
VisualStudioVersion = 16.0.30611.23
MinimumVisualStudioVersion = 10.0.40219.1
Project("{FAE04EC0-301F-11D3-BF4B-00C04F79EFBC}") = "Day12-Inheritance", "Day12-Inheritance\Day12-Inheritance.csproj", "{19C878A4-77C0-4F8F-889D-C194D0A0C96C}"
EndProject
Global
	GlobalSection(SolutionConfigurationPlatforms) = preSolution
		Debug|Any CPU = Debug|Any CPU
		Release|Any CPU = Release|Any CPU
	EndGlobalSection
	GlobalSection(ProjectConfigurationPlatforms) = postSolution
		{19C878A4-77C0-4F8F-889D-C194D0A0C96C}.Debug|Any CPU.ActiveCfg = Debug|Any CPU
		{19C878A4-77C0-4F8F-889D-C194D0A0C96C}.Debug|Any CPU.Build.0 = Debug|Any CPU
		{19C878A4-77C0-4F8F-889D-C194D0A0C96C}.Release|Any CPU.ActiveCfg = Release|Any CPU
		{19C878A4-77C0-4F8F-889D-C194D0A0C96C}.Release|Any CPU.Build.0 = Release|Any CPU
	EndGlobalSection
	GlobalSection(SolutionProperties) = preSolution
		HideSolutionNode = FALSE
	EndGlobalSection
	GlobalSection(ExtensibilityGlobals) = postSolution
		SolutionGuid = {2779CF93-9ABB-42D5-9E18-31216FA8ACC0}
	EndGlobalSection
EndGlobal
