
Microsoft Visual Studio Solution File, Format Version 12.00
# Visual Studio Version 16
VisualStudioVersion = 16.0.30611.23
MinimumVisualStudioVersion = 10.0.40219.1
Project("{FAE04EC0-301F-11D3-BF4B-00C04F79EFBC}") = "Breaking-the-Records", "Breaking-the-Records\Breaking-the-Records.csproj", "{3213112A-3040-4FDB-BD47-4C734ED57D55}"
EndProject
Global
	GlobalSection(SolutionConfigurationPlatforms) = preSolution
		Debug|Any CPU = Debug|Any CPU
		Release|Any CPU = Release|Any CPU
	EndGlobalSection
	GlobalSection(ProjectConfigurationPlatforms) = postSolution
		{3213112A-3040-4FDB-BD47-4C734ED57D55}.Debug|Any CPU.ActiveCfg = Debug|Any CPU
		{3213112A-3040-4FDB-BD47-4C734ED57D55}.Debug|Any CPU.Build.0 = Debug|Any CPU
		{3213112A-3040-4FDB-BD47-4C734ED57D55}.Release|Any CPU.ActiveCfg = Release|Any CPU
		{3213112A-3040-4FDB-BD47-4C734ED57D55}.Release|Any CPU.Build.0 = Release|Any CPU
	EndGlobalSection
	GlobalSection(SolutionProperties) = preSolution
		HideSolutionNode = FALSE
	EndGlobalSection
	GlobalSection(ExtensibilityGlobals) = postSolution
		SolutionGuid = {67CA0103-AF88-400B-BA48-FC66DAD9DBD7}
	EndGlobalSection
EndGlobal
