
Microsoft Visual Studio Solution File, Format Version 12.00
# Visual Studio Version 16
VisualStudioVersion = 16.0.30611.23
MinimumVisualStudioVersion = 10.0.40219.1
Project("{FAE04EC0-301F-11D3-BF4B-00C04F79EFBC}") = "Day18-QueuesAndStacks", "Day18-QueuesAndStacks\Day18-QueuesAndStacks.csproj", "{EDE9301E-8C8E-431C-93AE-72606F5DAD1F}"
EndProject
Global
	GlobalSection(SolutionConfigurationPlatforms) = preSolution
		Debug|Any CPU = Debug|Any CPU
		Release|Any CPU = Release|Any CPU
	EndGlobalSection
	GlobalSection(ProjectConfigurationPlatforms) = postSolution
		{EDE9301E-8C8E-431C-93AE-72606F5DAD1F}.Debug|Any CPU.ActiveCfg = Debug|Any CPU
		{EDE9301E-8C8E-431C-93AE-72606F5DAD1F}.Debug|Any CPU.Build.0 = Debug|Any CPU
		{EDE9301E-8C8E-431C-93AE-72606F5DAD1F}.Release|Any CPU.ActiveCfg = Release|Any CPU
		{EDE9301E-8C8E-431C-93AE-72606F5DAD1F}.Release|Any CPU.Build.0 = Release|Any CPU
	EndGlobalSection
	GlobalSection(SolutionProperties) = preSolution
		HideSolutionNode = FALSE
	EndGlobalSection
	GlobalSection(ExtensibilityGlobals) = postSolution
		SolutionGuid = {AE476969-3E13-4ED7-9E0F-5CEA9E04A2B7}
	EndGlobalSection
EndGlobal
