
Microsoft Visual Studio Solution File, Format Version 12.00
# Visual Studio Version 16
VisualStudioVersion = 16.0.30114.105
MinimumVisualStudioVersion = 10.0.40219.1
Project("{FAE04EC0-301F-11D3-BF4B-00C04F79EFBC}") = "CountingMinutes", "CountingMinutes\CountingMinutes.csproj", "{0461706A-2208-4A44-80A4-A6F74C74F47B}"
EndProject
Global
	GlobalSection(SolutionConfigurationPlatforms) = preSolution
		Debug|Any CPU = Debug|Any CPU
		Release|Any CPU = Release|Any CPU
	EndGlobalSection
	GlobalSection(SolutionProperties) = preSolution
		HideSolutionNode = FALSE
	EndGlobalSection
	GlobalSection(ProjectConfigurationPlatforms) = postSolution
		{0461706A-2208-4A44-80A4-A6F74C74F47B}.Debug|Any CPU.ActiveCfg = Debug|Any CPU
		{0461706A-2208-4A44-80A4-A6F74C74F47B}.Debug|Any CPU.Build.0 = Debug|Any CPU
		{0461706A-2208-4A44-80A4-A6F74C74F47B}.Release|Any CPU.ActiveCfg = Release|Any CPU
		{0461706A-2208-4A44-80A4-A6F74C74F47B}.Release|Any CPU.Build.0 = Release|Any CPU
	EndGlobalSection
EndGlobal
