
Microsoft Visual Studio Solution File, Format Version 12.00
# Visual Studio Version 16
VisualStudioVersion = 16.0.30114.105
MinimumVisualStudioVersion = 10.0.40219.1
Project("{FAE04EC0-301F-11D3-BF4B-00C04F79EFBC}") = "KthSmallestElement", "KthSmallestElement\KthSmallestElement.csproj", "{BE58A36C-2A9A-4C81-9D00-02A2076FF7CA}"
EndProject
Global
	GlobalSection(SolutionConfigurationPlatforms) = preSolution
		Debug|Any CPU = Debug|Any CPU
		Release|Any CPU = Release|Any CPU
	EndGlobalSection
	GlobalSection(SolutionProperties) = preSolution
		HideSolutionNode = FALSE
	EndGlobalSection
	GlobalSection(ProjectConfigurationPlatforms) = postSolution
		{BE58A36C-2A9A-4C81-9D00-02A2076FF7CA}.Debug|Any CPU.ActiveCfg = Debug|Any CPU
		{BE58A36C-2A9A-4C81-9D00-02A2076FF7CA}.Debug|Any CPU.Build.0 = Debug|Any CPU
		{BE58A36C-2A9A-4C81-9D00-02A2076FF7CA}.Release|Any CPU.ActiveCfg = Release|Any CPU
		{BE58A36C-2A9A-4C81-9D00-02A2076FF7CA}.Release|Any CPU.Build.0 = Release|Any CPU
	EndGlobalSection
EndGlobal
